
Microsoft Visual Studio Solution File, Format Version 12.00
# Visual Studio 15
VisualStudioVersion = 15.0.27004.2002
MinimumVisualStudioVersion = 10.0.40219.1
Project("{FAE04EC0-301F-11D3-BF4B-00C04F79EFBC}") = "TestHelloWorld", "TestHelloWorld\TestHelloWorld.csproj", "{6CBF262A-2F98-4B20-BCDA-099B191BE058}"
EndProject
Project("{FAE04EC0-301F-11D3-BF4B-00C04F79EFBC}") = "TestHelloWorld.Tests", "TestHelloWorld.Tests\TestHelloWorld.Tests.csproj", "{A24ED465-2018-4C0D-8A7D-321D345737FD}"
EndProject
Global
	GlobalSection(SolutionConfigurationPlatforms) = preSolution
		Debug|Any CPU = Debug|Any CPU
		Release|Any CPU = Release|Any CPU
	EndGlobalSection
	GlobalSection(ProjectConfigurationPlatforms) = postSolution
		{6CBF262A-2F98-4B20-BCDA-099B191BE058}.Debug|Any CPU.ActiveCfg = Debug|Any CPU
		{6CBF262A-2F98-4B20-BCDA-099B191BE058}.Debug|Any CPU.Build.0 = Debug|Any CPU
		{6CBF262A-2F98-4B20-BCDA-099B191BE058}.Release|Any CPU.ActiveCfg = Release|Any CPU
		{6CBF262A-2F98-4B20-BCDA-099B191BE058}.Release|Any CPU.Build.0 = Release|Any CPU
		{A24ED465-2018-4C0D-8A7D-321D345737FD}.Debug|Any CPU.ActiveCfg = Debug|Any CPU
		{A24ED465-2018-4C0D-8A7D-321D345737FD}.Debug|Any CPU.Build.0 = Debug|Any CPU
		{A24ED465-2018-4C0D-8A7D-321D345737FD}.Release|Any CPU.ActiveCfg = Release|Any CPU
		{A24ED465-2018-4C0D-8A7D-321D345737FD}.Release|Any CPU.Build.0 = Release|Any CPU
	EndGlobalSection
	GlobalSection(SolutionProperties) = preSolution
		HideSolutionNode = FALSE
	EndGlobalSection
	GlobalSection(ExtensibilityGlobals) = postSolution
		SolutionGuid = {2F0BF4A6-D0B9-49E3-A2C3-7D5E2179FF26}
	EndGlobalSection
EndGlobal
